
Microsoft Visual Studio Solution File, Format Version 12.00
# Visual Studio Version 17
VisualStudioVersion = 17.0.31903.59
MinimumVisualStudioVersion = 10.0.40219.1
Project("{2150E333-8FDC-42A3-9474-1A3956D46DE8}") = "src", "src", "{827E0CD3-B72D-47B6-A68D-7590B98EB39B}"
EndProject
Project("{2150E333-8FDC-42A3-9474-1A3956D46DE8}") = "Sites.Mvc", "Sites.Mvc", "{B7E2B6E5-30C8-3D5A-7E11-508BE925A4E3}"
EndProject
Project("{FAE04EC0-301F-11D3-BF4B-00C04F79EFBC}") = "Hyprship.Sites.Mvc", "src\Sites.Mvc\Hyprship.Sites.Mvc.csproj", "{60A64C62-F9A7-4A08-9850-B6C580BA1788}"
EndProject
Project("{2150E333-8FDC-42A3-9474-1A3956D46DE8}") = "Sites.Api", "Sites.Api", "{1850A7ED-1D9A-2D1D-1AD3-449C326E2137}"
EndProject
Project("{FAE04EC0-301F-11D3-BF4B-00C04F79EFBC}") = "Hyprship.Sites.Api", "src\Sites.Api\Hyprship.Sites.Api.csproj", "{C6527575-4D54-4ACC-8559-47D222B2CD18}"
EndProject
Project("{2150E333-8FDC-42A3-9474-1A3956D46DE8}") = "Data.Model", "Data.Model", "{16B2292D-E706-B45F-3DD4-E0A17985AA7F}"
EndProject
Project("{FAE04EC0-301F-11D3-BF4B-00C04F79EFBC}") = "Hyprship.Data.Model", "src\Data.Model\Hyprship.Data.Model.csproj", "{17FF7CF2-A589-451D-A4E5-FDF3A0B8BCB2}"
EndProject
Project("{2150E333-8FDC-42A3-9474-1A3956D46DE8}") = "Data.MsSql", "Data.MsSql", "{711E8C18-46DB-7DA7-A144-D1669F65BB7B}"
EndProject
Project("{FAE04EC0-301F-11D3-BF4B-00C04F79EFBC}") = "Hyprship.Data.MsSql", "src\Data.MsSql\Hyprship.Data.MsSql.csproj", "{F67C9F0D-BBB2-4528-8D14-2B8774DC27A1}"
EndProject
Project("{2150E333-8FDC-42A3-9474-1A3956D46DE8}") = "Data.MySql", "Data.MySql", "{CAF2F0D9-E21A-FFE9-3080-0E4661E6DDF3}"
EndProject
Project("{FAE04EC0-301F-11D3-BF4B-00C04F79EFBC}") = "Hyprship.Data.MySql", "src\Data.MySql\Hyprship.Data.MySql.csproj", "{55850291-B937-4547-82DA-1276DEBD17A2}"
EndProject
Project("{2150E333-8FDC-42A3-9474-1A3956D46DE8}") = "Data.PgSql", "Data.PgSql", "{BBC79BFB-1F1C-DDFD-31C8-3155F0D6959E}"
EndProject
Project("{FAE04EC0-301F-11D3-BF4B-00C04F79EFBC}") = "Hyprship.Data.PgSql", "src\Data.PgSql\Hyprship.Data.PgSql.csproj", "{EDA01920-A02D-4E5C-8373-F78299FE7D3D}"
EndProject
Project("{2150E333-8FDC-42A3-9474-1A3956D46DE8}") = "Data.Sqlite", "Data.Sqlite", "{6D5B73FA-875E-397F-6AC5-FE9E11A5FBDE}"
EndProject
Project("{FAE04EC0-301F-11D3-BF4B-00C04F79EFBC}") = "Hyprship.Data.Sqlite", "src\Data.Sqlite\Hyprship.Data.Sqlite.csproj", "{0B4AC8CF-019E-45D0-8960-67CD7AB44F1E}"
EndProject
Project("{2150E333-8FDC-42A3-9474-1A3956D46DE8}") = "ServiceDefaults", "ServiceDefaults", "{5FC1494C-0D8C-79D1-FFF2-37E95F57AB9F}"
EndProject
Project("{FAE04EC0-301F-11D3-BF4B-00C04F79EFBC}") = "Hyprship.ServiceDefaults", "src\ServiceDefaults\Hyprship.ServiceDefaults.csproj", "{72BEE604-59A3-4403-A061-DC0113174C7E}"
EndProject
Project("{2150E333-8FDC-42A3-9474-1A3956D46DE8}") = "AppHost", "AppHost", "{63882A7C-90E5-DEE3-63BB-E6ABDBC8A365}"
EndProject
Project("{FAE04EC0-301F-11D3-BF4B-00C04F79EFBC}") = "Hyprship.AppHost", "src\AppHost\Hyprship.AppHost.csproj", "{C323C790-FB17-41E5-AA73-106FE37D3EEA}"
EndProject
Project("{2150E333-8FDC-42A3-9474-1A3956D46DE8}") = "ComponentModel.Annotations", "ComponentModel.Annotations", "{7F558D72-33D0-88D6-3767-4CE9E5B31122}"
EndProject
Project("{FAE04EC0-301F-11D3-BF4B-00C04F79EFBC}") = "Hyprx.ComponentModel.Annotations", "src\ComponentModel.Annotations\Hyprx.ComponentModel.Annotations.csproj", "{C44F5B26-183F-4B55-87F4-F3C5D47C542C}"
EndProject
Project("{2150E333-8FDC-42A3-9474-1A3956D46DE8}") = "Platform.Environment", "Platform.Environment", "{DEAF28ED-D8EF-7282-79E7-C560327025A1}"
EndProject
Project("{FAE04EC0-301F-11D3-BF4B-00C04F79EFBC}") = "Hyprx.Platform.Environment", "src\Platform.Environment\Hyprx.Platform.Environment.csproj", "{C7A18F06-AA11-4911-B8FC-9B937CC6BCA4}"
EndProject
Project("{2150E333-8FDC-42A3-9474-1A3956D46DE8}") = "Platform.Process", "Platform.Process", "{9FFFB741-C411-2FB8-BC25-3B004C72DD4C}"
EndProject
Project("{FAE04EC0-301F-11D3-BF4B-00C04F79EFBC}") = "Hyprx.Platform.Process", "src\Platform.Process\Hyprx.Platform.Process.csproj", "{6CBC81B0-763C-4A60-AF01-821E410435A1}"
EndProject
Project("{2150E333-8FDC-42A3-9474-1A3956D46DE8}") = "Common", "Common", "{BFF2DF6E-AA54-47C7-211F-79ACCBB4577C}"
EndProject
Project("{FAE04EC0-301F-11D3-BF4B-00C04F79EFBC}") = "Hyprx.Common", "src\Common\Hyprx.Common.csproj", "{5B965D9F-169A-4925-9794-3E77ECD4FB17}"
EndProject
Project("{2150E333-8FDC-42A3-9474-1A3956D46DE8}") = "Crypto", "Crypto", "{20DA1B11-33F5-D1F6-78B1-E626A1B5760B}"
EndProject
Project("{FAE04EC0-301F-11D3-BF4B-00C04F79EFBC}") = "Hyprx.Crypto", "src\Crypto\Hyprx.Crypto.csproj", "{9D10457B-2F18-41AA-A36C-3252AFFB5D01}"
EndProject
Project("{2150E333-8FDC-42A3-9474-1A3956D46DE8}") = "Crypto.X509", "Crypto.X509", "{C6BDEE70-A1C8-46E9-8E56-2EAE5E263566}"
EndProject
Project("{FAE04EC0-301F-11D3-BF4B-00C04F79EFBC}") = "Hyprx.Crypto.X509", "src\Crypto.X509\Hyprx.Crypto.X509.csproj", "{CC5DC4E9-2DAA-44A2-953A-E035C5A0B811}"
EndProject
Project("{2150E333-8FDC-42A3-9474-1A3956D46DE8}") = "Secrets", "Secrets", "{714165A8-307B-D8E6-B664-23D86730FDFC}"
EndProject
Project("{FAE04EC0-301F-11D3-BF4B-00C04F79EFBC}") = "Hyprx.Secrets", "src\Secrets\Hyprx.Secrets.csproj", "{72C6D8DC-B48B-44E7-8F4D-F67603DFC53E}"
EndProject
Project("{FAE04EC0-301F-11D3-BF4B-00C04F79EFBC}") = "Text.DotEnv", "src\Text.DotEnv\Text.DotEnv.csproj", "{1993E76B-3153-4E39-A3D9-34F9A4DD7CEF}"
EndProject
Global
	GlobalSection(SolutionConfigurationPlatforms) = preSolution
		Debug|Any CPU = Debug|Any CPU
		Debug|x64 = Debug|x64
		Debug|x86 = Debug|x86
		Release|Any CPU = Release|Any CPU
		Release|x64 = Release|x64
		Release|x86 = Release|x86
	EndGlobalSection
	GlobalSection(ProjectConfigurationPlatforms) = postSolution
		{60A64C62-F9A7-4A08-9850-B6C580BA1788}.Debug|Any CPU.ActiveCfg = Debug|Any CPU
		{60A64C62-F9A7-4A08-9850-B6C580BA1788}.Debug|Any CPU.Build.0 = Debug|Any CPU
		{60A64C62-F9A7-4A08-9850-B6C580BA1788}.Debug|x64.ActiveCfg = Debug|Any CPU
		{60A64C62-F9A7-4A08-9850-B6C580BA1788}.Debug|x64.Build.0 = Debug|Any CPU
		{60A64C62-F9A7-4A08-9850-B6C580BA1788}.Debug|x86.ActiveCfg = Debug|Any CPU
		{60A64C62-F9A7-4A08-9850-B6C580BA1788}.Debug|x86.Build.0 = Debug|Any CPU
		{60A64C62-F9A7-4A08-9850-B6C580BA1788}.Release|Any CPU.ActiveCfg = Release|Any CPU
		{60A64C62-F9A7-4A08-9850-B6C580BA1788}.Release|Any CPU.Build.0 = Release|Any CPU
		{60A64C62-F9A7-4A08-9850-B6C580BA1788}.Release|x64.ActiveCfg = Release|Any CPU
		{60A64C62-F9A7-4A08-9850-B6C580BA1788}.Release|x64.Build.0 = Release|Any CPU
		{60A64C62-F9A7-4A08-9850-B6C580BA1788}.Release|x86.ActiveCfg = Release|Any CPU
		{60A64C62-F9A7-4A08-9850-B6C580BA1788}.Release|x86.Build.0 = Release|Any CPU
		{C6527575-4D54-4ACC-8559-47D222B2CD18}.Debug|Any CPU.ActiveCfg = Debug|Any CPU
		{C6527575-4D54-4ACC-8559-47D222B2CD18}.Debug|Any CPU.Build.0 = Debug|Any CPU
		{C6527575-4D54-4ACC-8559-47D222B2CD18}.Debug|x64.ActiveCfg = Debug|Any CPU
		{C6527575-4D54-4ACC-8559-47D222B2CD18}.Debug|x64.Build.0 = Debug|Any CPU
		{C6527575-4D54-4ACC-8559-47D222B2CD18}.Debug|x86.ActiveCfg = Debug|Any CPU
		{C6527575-4D54-4ACC-8559-47D222B2CD18}.Debug|x86.Build.0 = Debug|Any CPU
		{C6527575-4D54-4ACC-8559-47D222B2CD18}.Release|Any CPU.ActiveCfg = Release|Any CPU
		{C6527575-4D54-4ACC-8559-47D222B2CD18}.Release|Any CPU.Build.0 = Release|Any CPU
		{C6527575-4D54-4ACC-8559-47D222B2CD18}.Release|x64.ActiveCfg = Release|Any CPU
		{C6527575-4D54-4ACC-8559-47D222B2CD18}.Release|x64.Build.0 = Release|Any CPU
		{C6527575-4D54-4ACC-8559-47D222B2CD18}.Release|x86.ActiveCfg = Release|Any CPU
		{C6527575-4D54-4ACC-8559-47D222B2CD18}.Release|x86.Build.0 = Release|Any CPU
		{17FF7CF2-A589-451D-A4E5-FDF3A0B8BCB2}.Debug|Any CPU.ActiveCfg = Debug|Any CPU
		{17FF7CF2-A589-451D-A4E5-FDF3A0B8BCB2}.Debug|Any CPU.Build.0 = Debug|Any CPU
		{17FF7CF2-A589-451D-A4E5-FDF3A0B8BCB2}.Debug|x64.ActiveCfg = Debug|Any CPU
		{17FF7CF2-A589-451D-A4E5-FDF3A0B8BCB2}.Debug|x64.Build.0 = Debug|Any CPU
		{17FF7CF2-A589-451D-A4E5-FDF3A0B8BCB2}.Debug|x86.ActiveCfg = Debug|Any CPU
		{17FF7CF2-A589-451D-A4E5-FDF3A0B8BCB2}.Debug|x86.Build.0 = Debug|Any CPU
		{17FF7CF2-A589-451D-A4E5-FDF3A0B8BCB2}.Release|Any CPU.ActiveCfg = Release|Any CPU
		{17FF7CF2-A589-451D-A4E5-FDF3A0B8BCB2}.Release|Any CPU.Build.0 = Release|Any CPU
		{17FF7CF2-A589-451D-A4E5-FDF3A0B8BCB2}.Release|x64.ActiveCfg = Release|Any CPU
		{17FF7CF2-A589-451D-A4E5-FDF3A0B8BCB2}.Release|x64.Build.0 = Release|Any CPU
		{17FF7CF2-A589-451D-A4E5-FDF3A0B8BCB2}.Release|x86.ActiveCfg = Release|Any CPU
		{17FF7CF2-A589-451D-A4E5-FDF3A0B8BCB2}.Release|x86.Build.0 = Release|Any CPU
		{F67C9F0D-BBB2-4528-8D14-2B8774DC27A1}.Debug|Any CPU.ActiveCfg = Debug|Any CPU
		{F67C9F0D-BBB2-4528-8D14-2B8774DC27A1}.Debug|Any CPU.Build.0 = Debug|Any CPU
		{F67C9F0D-BBB2-4528-8D14-2B8774DC27A1}.Debug|x64.ActiveCfg = Debug|Any CPU
		{F67C9F0D-BBB2-4528-8D14-2B8774DC27A1}.Debug|x64.Build.0 = Debug|Any CPU
		{F67C9F0D-BBB2-4528-8D14-2B8774DC27A1}.Debug|x86.ActiveCfg = Debug|Any CPU
		{F67C9F0D-BBB2-4528-8D14-2B8774DC27A1}.Debug|x86.Build.0 = Debug|Any CPU
		{F67C9F0D-BBB2-4528-8D14-2B8774DC27A1}.Release|Any CPU.ActiveCfg = Release|Any CPU
		{F67C9F0D-BBB2-4528-8D14-2B8774DC27A1}.Release|Any CPU.Build.0 = Release|Any CPU
		{F67C9F0D-BBB2-4528-8D14-2B8774DC27A1}.Release|x64.ActiveCfg = Release|Any CPU
		{F67C9F0D-BBB2-4528-8D14-2B8774DC27A1}.Release|x64.Build.0 = Release|Any CPU
		{F67C9F0D-BBB2-4528-8D14-2B8774DC27A1}.Release|x86.ActiveCfg = Release|Any CPU
		{F67C9F0D-BBB2-4528-8D14-2B8774DC27A1}.Release|x86.Build.0 = Release|Any CPU
		{55850291-B937-4547-82DA-1276DEBD17A2}.Debug|Any CPU.ActiveCfg = Debug|Any CPU
		{55850291-B937-4547-82DA-1276DEBD17A2}.Debug|Any CPU.Build.0 = Debug|Any CPU
		{55850291-B937-4547-82DA-1276DEBD17A2}.Debug|x64.ActiveCfg = Debug|Any CPU
		{55850291-B937-4547-82DA-1276DEBD17A2}.Debug|x64.Build.0 = Debug|Any CPU
		{55850291-B937-4547-82DA-1276DEBD17A2}.Debug|x86.ActiveCfg = Debug|Any CPU
		{55850291-B937-4547-82DA-1276DEBD17A2}.Debug|x86.Build.0 = Debug|Any CPU
		{55850291-B937-4547-82DA-1276DEBD17A2}.Release|Any CPU.ActiveCfg = Release|Any CPU
		{55850291-B937-4547-82DA-1276DEBD17A2}.Release|Any CPU.Build.0 = Release|Any CPU
		{55850291-B937-4547-82DA-1276DEBD17A2}.Release|x64.ActiveCfg = Release|Any CPU
		{55850291-B937-4547-82DA-1276DEBD17A2}.Release|x64.Build.0 = Release|Any CPU
		{55850291-B937-4547-82DA-1276DEBD17A2}.Release|x86.ActiveCfg = Release|Any CPU
		{55850291-B937-4547-82DA-1276DEBD17A2}.Release|x86.Build.0 = Release|Any CPU
		{EDA01920-A02D-4E5C-8373-F78299FE7D3D}.Debug|Any CPU.ActiveCfg = Debug|Any CPU
		{EDA01920-A02D-4E5C-8373-F78299FE7D3D}.Debug|Any CPU.Build.0 = Debug|Any CPU
		{EDA01920-A02D-4E5C-8373-F78299FE7D3D}.Debug|x64.ActiveCfg = Debug|Any CPU
		{EDA01920-A02D-4E5C-8373-F78299FE7D3D}.Debug|x64.Build.0 = Debug|Any CPU
		{EDA01920-A02D-4E5C-8373-F78299FE7D3D}.Debug|x86.ActiveCfg = Debug|Any CPU
		{EDA01920-A02D-4E5C-8373-F78299FE7D3D}.Debug|x86.Build.0 = Debug|Any CPU
		{EDA01920-A02D-4E5C-8373-F78299FE7D3D}.Release|Any CPU.ActiveCfg = Release|Any CPU
		{EDA01920-A02D-4E5C-8373-F78299FE7D3D}.Release|Any CPU.Build.0 = Release|Any CPU
		{EDA01920-A02D-4E5C-8373-F78299FE7D3D}.Release|x64.ActiveCfg = Release|Any CPU
		{EDA01920-A02D-4E5C-8373-F78299FE7D3D}.Release|x64.Build.0 = Release|Any CPU
		{EDA01920-A02D-4E5C-8373-F78299FE7D3D}.Release|x86.ActiveCfg = Release|Any CPU
		{EDA01920-A02D-4E5C-8373-F78299FE7D3D}.Release|x86.Build.0 = Release|Any CPU
		{0B4AC8CF-019E-45D0-8960-67CD7AB44F1E}.Debug|Any CPU.ActiveCfg = Debug|Any CPU
		{0B4AC8CF-019E-45D0-8960-67CD7AB44F1E}.Debug|Any CPU.Build.0 = Debug|Any CPU
		{0B4AC8CF-019E-45D0-8960-67CD7AB44F1E}.Debug|x64.ActiveCfg = Debug|Any CPU
		{0B4AC8CF-019E-45D0-8960-67CD7AB44F1E}.Debug|x64.Build.0 = Debug|Any CPU
		{0B4AC8CF-019E-45D0-8960-67CD7AB44F1E}.Debug|x86.ActiveCfg = Debug|Any CPU
		{0B4AC8CF-019E-45D0-8960-67CD7AB44F1E}.Debug|x86.Build.0 = Debug|Any CPU
		{0B4AC8CF-019E-45D0-8960-67CD7AB44F1E}.Release|Any CPU.ActiveCfg = Release|Any CPU
		{0B4AC8CF-019E-45D0-8960-67CD7AB44F1E}.Release|Any CPU.Build.0 = Release|Any CPU
		{0B4AC8CF-019E-45D0-8960-67CD7AB44F1E}.Release|x64.ActiveCfg = Release|Any CPU
		{0B4AC8CF-019E-45D0-8960-67CD7AB44F1E}.Release|x64.Build.0 = Release|Any CPU
		{0B4AC8CF-019E-45D0-8960-67CD7AB44F1E}.Release|x86.ActiveCfg = Release|Any CPU
		{0B4AC8CF-019E-45D0-8960-67CD7AB44F1E}.Release|x86.Build.0 = Release|Any CPU
		{72BEE604-59A3-4403-A061-DC0113174C7E}.Debug|Any CPU.ActiveCfg = Debug|Any CPU
		{72BEE604-59A3-4403-A061-DC0113174C7E}.Debug|Any CPU.Build.0 = Debug|Any CPU
		{72BEE604-59A3-4403-A061-DC0113174C7E}.Debug|x64.ActiveCfg = Debug|Any CPU
		{72BEE604-59A3-4403-A061-DC0113174C7E}.Debug|x64.Build.0 = Debug|Any CPU
		{72BEE604-59A3-4403-A061-DC0113174C7E}.Debug|x86.ActiveCfg = Debug|Any CPU
		{72BEE604-59A3-4403-A061-DC0113174C7E}.Debug|x86.Build.0 = Debug|Any CPU
		{72BEE604-59A3-4403-A061-DC0113174C7E}.Release|Any CPU.ActiveCfg = Release|Any CPU
		{72BEE604-59A3-4403-A061-DC0113174C7E}.Release|Any CPU.Build.0 = Release|Any CPU
		{72BEE604-59A3-4403-A061-DC0113174C7E}.Release|x64.ActiveCfg = Release|Any CPU
		{72BEE604-59A3-4403-A061-DC0113174C7E}.Release|x64.Build.0 = Release|Any CPU
		{72BEE604-59A3-4403-A061-DC0113174C7E}.Release|x86.ActiveCfg = Release|Any CPU
		{72BEE604-59A3-4403-A061-DC0113174C7E}.Release|x86.Build.0 = Release|Any CPU
		{C323C790-FB17-41E5-AA73-106FE37D3EEA}.Debug|Any CPU.ActiveCfg = Debug|Any CPU
		{C323C790-FB17-41E5-AA73-106FE37D3EEA}.Debug|Any CPU.Build.0 = Debug|Any CPU
		{C323C790-FB17-41E5-AA73-106FE37D3EEA}.Debug|x64.ActiveCfg = Debug|Any CPU
		{C323C790-FB17-41E5-AA73-106FE37D3EEA}.Debug|x64.Build.0 = Debug|Any CPU
		{C323C790-FB17-41E5-AA73-106FE37D3EEA}.Debug|x86.ActiveCfg = Debug|Any CPU
		{C323C790-FB17-41E5-AA73-106FE37D3EEA}.Debug|x86.Build.0 = Debug|Any CPU
		{C323C790-FB17-41E5-AA73-106FE37D3EEA}.Release|Any CPU.ActiveCfg = Release|Any CPU
		{C323C790-FB17-41E5-AA73-106FE37D3EEA}.Release|Any CPU.Build.0 = Release|Any CPU
		{C323C790-FB17-41E5-AA73-106FE37D3EEA}.Release|x64.ActiveCfg = Release|Any CPU
		{C323C790-FB17-41E5-AA73-106FE37D3EEA}.Release|x64.Build.0 = Release|Any CPU
		{C323C790-FB17-41E5-AA73-106FE37D3EEA}.Release|x86.ActiveCfg = Release|Any CPU
		{C323C790-FB17-41E5-AA73-106FE37D3EEA}.Release|x86.Build.0 = Release|Any CPU
		{C44F5B26-183F-4B55-87F4-F3C5D47C542C}.Debug|Any CPU.ActiveCfg = Debug|Any CPU
		{C44F5B26-183F-4B55-87F4-F3C5D47C542C}.Debug|Any CPU.Build.0 = Debug|Any CPU
		{C44F5B26-183F-4B55-87F4-F3C5D47C542C}.Debug|x64.ActiveCfg = Debug|Any CPU
		{C44F5B26-183F-4B55-87F4-F3C5D47C542C}.Debug|x64.Build.0 = Debug|Any CPU
		{C44F5B26-183F-4B55-87F4-F3C5D47C542C}.Debug|x86.ActiveCfg = Debug|Any CPU
		{C44F5B26-183F-4B55-87F4-F3C5D47C542C}.Debug|x86.Build.0 = Debug|Any CPU
		{C44F5B26-183F-4B55-87F4-F3C5D47C542C}.Release|Any CPU.ActiveCfg = Release|Any CPU
		{C44F5B26-183F-4B55-87F4-F3C5D47C542C}.Release|Any CPU.Build.0 = Release|Any CPU
		{C44F5B26-183F-4B55-87F4-F3C5D47C542C}.Release|x64.ActiveCfg = Release|Any CPU
		{C44F5B26-183F-4B55-87F4-F3C5D47C542C}.Release|x64.Build.0 = Release|Any CPU
		{C44F5B26-183F-4B55-87F4-F3C5D47C542C}.Release|x86.ActiveCfg = Release|Any CPU
		{C44F5B26-183F-4B55-87F4-F3C5D47C542C}.Release|x86.Build.0 = Release|Any CPU
		{C7A18F06-AA11-4911-B8FC-9B937CC6BCA4}.Debug|Any CPU.ActiveCfg = Debug|Any CPU
		{C7A18F06-AA11-4911-B8FC-9B937CC6BCA4}.Debug|Any CPU.Build.0 = Debug|Any CPU
		{C7A18F06-AA11-4911-B8FC-9B937CC6BCA4}.Debug|x64.ActiveCfg = Debug|Any CPU
		{C7A18F06-AA11-4911-B8FC-9B937CC6BCA4}.Debug|x64.Build.0 = Debug|Any CPU
		{C7A18F06-AA11-4911-B8FC-9B937CC6BCA4}.Debug|x86.ActiveCfg = Debug|Any CPU
		{C7A18F06-AA11-4911-B8FC-9B937CC6BCA4}.Debug|x86.Build.0 = Debug|Any CPU
		{C7A18F06-AA11-4911-B8FC-9B937CC6BCA4}.Release|Any CPU.ActiveCfg = Release|Any CPU
		{C7A18F06-AA11-4911-B8FC-9B937CC6BCA4}.Release|Any CPU.Build.0 = Release|Any CPU
		{C7A18F06-AA11-4911-B8FC-9B937CC6BCA4}.Release|x64.ActiveCfg = Release|Any CPU
		{C7A18F06-AA11-4911-B8FC-9B937CC6BCA4}.Release|x64.Build.0 = Release|Any CPU
		{C7A18F06-AA11-4911-B8FC-9B937CC6BCA4}.Release|x86.ActiveCfg = Release|Any CPU
		{C7A18F06-AA11-4911-B8FC-9B937CC6BCA4}.Release|x86.Build.0 = Release|Any CPU
		{6CBC81B0-763C-4A60-AF01-821E410435A1}.Debug|Any CPU.ActiveCfg = Debug|Any CPU
		{6CBC81B0-763C-4A60-AF01-821E410435A1}.Debug|Any CPU.Build.0 = Debug|Any CPU
		{6CBC81B0-763C-4A60-AF01-821E410435A1}.Debug|x64.ActiveCfg = Debug|Any CPU
		{6CBC81B0-763C-4A60-AF01-821E410435A1}.Debug|x64.Build.0 = Debug|Any CPU
		{6CBC81B0-763C-4A60-AF01-821E410435A1}.Debug|x86.ActiveCfg = Debug|Any CPU
		{6CBC81B0-763C-4A60-AF01-821E410435A1}.Debug|x86.Build.0 = Debug|Any CPU
		{6CBC81B0-763C-4A60-AF01-821E410435A1}.Release|Any CPU.ActiveCfg = Release|Any CPU
		{6CBC81B0-763C-4A60-AF01-821E410435A1}.Release|Any CPU.Build.0 = Release|Any CPU
		{6CBC81B0-763C-4A60-AF01-821E410435A1}.Release|x64.ActiveCfg = Release|Any CPU
		{6CBC81B0-763C-4A60-AF01-821E410435A1}.Release|x64.Build.0 = Release|Any CPU
		{6CBC81B0-763C-4A60-AF01-821E410435A1}.Release|x86.ActiveCfg = Release|Any CPU
		{6CBC81B0-763C-4A60-AF01-821E410435A1}.Release|x86.Build.0 = Release|Any CPU
		{5B965D9F-169A-4925-9794-3E77ECD4FB17}.Debug|Any CPU.ActiveCfg = Debug|Any CPU
		{5B965D9F-169A-4925-9794-3E77ECD4FB17}.Debug|Any CPU.Build.0 = Debug|Any CPU
		{5B965D9F-169A-4925-9794-3E77ECD4FB17}.Debug|x64.ActiveCfg = Debug|Any CPU
		{5B965D9F-169A-4925-9794-3E77ECD4FB17}.Debug|x64.Build.0 = Debug|Any CPU
		{5B965D9F-169A-4925-9794-3E77ECD4FB17}.Debug|x86.ActiveCfg = Debug|Any CPU
		{5B965D9F-169A-4925-9794-3E77ECD4FB17}.Debug|x86.Build.0 = Debug|Any CPU
		{5B965D9F-169A-4925-9794-3E77ECD4FB17}.Release|Any CPU.ActiveCfg = Release|Any CPU
		{5B965D9F-169A-4925-9794-3E77ECD4FB17}.Release|Any CPU.Build.0 = Release|Any CPU
		{5B965D9F-169A-4925-9794-3E77ECD4FB17}.Release|x64.ActiveCfg = Release|Any CPU
		{5B965D9F-169A-4925-9794-3E77ECD4FB17}.Release|x64.Build.0 = Release|Any CPU
		{5B965D9F-169A-4925-9794-3E77ECD4FB17}.Release|x86.ActiveCfg = Release|Any CPU
		{5B965D9F-169A-4925-9794-3E77ECD4FB17}.Release|x86.Build.0 = Release|Any CPU
		{9D10457B-2F18-41AA-A36C-3252AFFB5D01}.Debug|Any CPU.ActiveCfg = Debug|Any CPU
		{9D10457B-2F18-41AA-A36C-3252AFFB5D01}.Debug|Any CPU.Build.0 = Debug|Any CPU
		{9D10457B-2F18-41AA-A36C-3252AFFB5D01}.Debug|x64.ActiveCfg = Debug|Any CPU
		{9D10457B-2F18-41AA-A36C-3252AFFB5D01}.Debug|x64.Build.0 = Debug|Any CPU
		{9D10457B-2F18-41AA-A36C-3252AFFB5D01}.Debug|x86.ActiveCfg = Debug|Any CPU
		{9D10457B-2F18-41AA-A36C-3252AFFB5D01}.Debug|x86.Build.0 = Debug|Any CPU
		{9D10457B-2F18-41AA-A36C-3252AFFB5D01}.Release|Any CPU.ActiveCfg = Release|Any CPU
		{9D10457B-2F18-41AA-A36C-3252AFFB5D01}.Release|Any CPU.Build.0 = Release|Any CPU
		{9D10457B-2F18-41AA-A36C-3252AFFB5D01}.Release|x64.ActiveCfg = Release|Any CPU
		{9D10457B-2F18-41AA-A36C-3252AFFB5D01}.Release|x64.Build.0 = Release|Any CPU
		{9D10457B-2F18-41AA-A36C-3252AFFB5D01}.Release|x86.ActiveCfg = Release|Any CPU
		{9D10457B-2F18-41AA-A36C-3252AFFB5D01}.Release|x86.Build.0 = Release|Any CPU
		{CC5DC4E9-2DAA-44A2-953A-E035C5A0B811}.Debug|Any CPU.ActiveCfg = Debug|Any CPU
		{CC5DC4E9-2DAA-44A2-953A-E035C5A0B811}.Debug|Any CPU.Build.0 = Debug|Any CPU
		{CC5DC4E9-2DAA-44A2-953A-E035C5A0B811}.Debug|x64.ActiveCfg = Debug|Any CPU
		{CC5DC4E9-2DAA-44A2-953A-E035C5A0B811}.Debug|x64.Build.0 = Debug|Any CPU
		{CC5DC4E9-2DAA-44A2-953A-E035C5A0B811}.Debug|x86.ActiveCfg = Debug|Any CPU
		{CC5DC4E9-2DAA-44A2-953A-E035C5A0B811}.Debug|x86.Build.0 = Debug|Any CPU
		{CC5DC4E9-2DAA-44A2-953A-E035C5A0B811}.Release|Any CPU.ActiveCfg = Release|Any CPU
		{CC5DC4E9-2DAA-44A2-953A-E035C5A0B811}.Release|Any CPU.Build.0 = Release|Any CPU
		{CC5DC4E9-2DAA-44A2-953A-E035C5A0B811}.Release|x64.ActiveCfg = Release|Any CPU
		{CC5DC4E9-2DAA-44A2-953A-E035C5A0B811}.Release|x64.Build.0 = Release|Any CPU
		{CC5DC4E9-2DAA-44A2-953A-E035C5A0B811}.Release|x86.ActiveCfg = Release|Any CPU
		{CC5DC4E9-2DAA-44A2-953A-E035C5A0B811}.Release|x86.Build.0 = Release|Any CPU
		{72C6D8DC-B48B-44E7-8F4D-F67603DFC53E}.Debug|Any CPU.ActiveCfg = Debug|Any CPU
		{72C6D8DC-B48B-44E7-8F4D-F67603DFC53E}.Debug|Any CPU.Build.0 = Debug|Any CPU
		{72C6D8DC-B48B-44E7-8F4D-F67603DFC53E}.Debug|x64.ActiveCfg = Debug|Any CPU
		{72C6D8DC-B48B-44E7-8F4D-F67603DFC53E}.Debug|x64.Build.0 = Debug|Any CPU
		{72C6D8DC-B48B-44E7-8F4D-F67603DFC53E}.Debug|x86.ActiveCfg = Debug|Any CPU
		{72C6D8DC-B48B-44E7-8F4D-F67603DFC53E}.Debug|x86.Build.0 = Debug|Any CPU
		{72C6D8DC-B48B-44E7-8F4D-F67603DFC53E}.Release|Any CPU.ActiveCfg = Release|Any CPU
		{72C6D8DC-B48B-44E7-8F4D-F67603DFC53E}.Release|Any CPU.Build.0 = Release|Any CPU
		{72C6D8DC-B48B-44E7-8F4D-F67603DFC53E}.Release|x64.ActiveCfg = Release|Any CPU
		{72C6D8DC-B48B-44E7-8F4D-F67603DFC53E}.Release|x64.Build.0 = Release|Any CPU
		{72C6D8DC-B48B-44E7-8F4D-F67603DFC53E}.Release|x86.ActiveCfg = Release|Any CPU
		{72C6D8DC-B48B-44E7-8F4D-F67603DFC53E}.Release|x86.Build.0 = Release|Any CPU
		{1993E76B-3153-4E39-A3D9-34F9A4DD7CEF}.Debug|Any CPU.ActiveCfg = Debug|Any CPU
		{1993E76B-3153-4E39-A3D9-34F9A4DD7CEF}.Debug|Any CPU.Build.0 = Debug|Any CPU
		{1993E76B-3153-4E39-A3D9-34F9A4DD7CEF}.Debug|x64.ActiveCfg = Debug|Any CPU
		{1993E76B-3153-4E39-A3D9-34F9A4DD7CEF}.Debug|x64.Build.0 = Debug|Any CPU
		{1993E76B-3153-4E39-A3D9-34F9A4DD7CEF}.Debug|x86.ActiveCfg = Debug|Any CPU
		{1993E76B-3153-4E39-A3D9-34F9A4DD7CEF}.Debug|x86.Build.0 = Debug|Any CPU
		{1993E76B-3153-4E39-A3D9-34F9A4DD7CEF}.Release|Any CPU.ActiveCfg = Release|Any CPU
		{1993E76B-3153-4E39-A3D9-34F9A4DD7CEF}.Release|Any CPU.Build.0 = Release|Any CPU
		{1993E76B-3153-4E39-A3D9-34F9A4DD7CEF}.Release|x64.ActiveCfg = Release|Any CPU
		{1993E76B-3153-4E39-A3D9-34F9A4DD7CEF}.Release|x64.Build.0 = Release|Any CPU
		{1993E76B-3153-4E39-A3D9-34F9A4DD7CEF}.Release|x86.ActiveCfg = Release|Any CPU
		{1993E76B-3153-4E39-A3D9-34F9A4DD7CEF}.Release|x86.Build.0 = Release|Any CPU
	EndGlobalSection
	GlobalSection(SolutionProperties) = preSolution
		HideSolutionNode = FALSE
	EndGlobalSection
	GlobalSection(NestedProjects) = preSolution
		{B7E2B6E5-30C8-3D5A-7E11-508BE925A4E3} = {827E0CD3-B72D-47B6-A68D-7590B98EB39B}
		{60A64C62-F9A7-4A08-9850-B6C580BA1788} = {B7E2B6E5-30C8-3D5A-7E11-508BE925A4E3}
		{1850A7ED-1D9A-2D1D-1AD3-449C326E2137} = {827E0CD3-B72D-47B6-A68D-7590B98EB39B}
		{C6527575-4D54-4ACC-8559-47D222B2CD18} = {1850A7ED-1D9A-2D1D-1AD3-449C326E2137}
		{16B2292D-E706-B45F-3DD4-E0A17985AA7F} = {827E0CD3-B72D-47B6-A68D-7590B98EB39B}
		{17FF7CF2-A589-451D-A4E5-FDF3A0B8BCB2} = {16B2292D-E706-B45F-3DD4-E0A17985AA7F}
		{711E8C18-46DB-7DA7-A144-D1669F65BB7B} = {827E0CD3-B72D-47B6-A68D-7590B98EB39B}
		{F67C9F0D-BBB2-4528-8D14-2B8774DC27A1} = {711E8C18-46DB-7DA7-A144-D1669F65BB7B}
		{CAF2F0D9-E21A-FFE9-3080-0E4661E6DDF3} = {827E0CD3-B72D-47B6-A68D-7590B98EB39B}
		{55850291-B937-4547-82DA-1276DEBD17A2} = {CAF2F0D9-E21A-FFE9-3080-0E4661E6DDF3}
		{BBC79BFB-1F1C-DDFD-31C8-3155F0D6959E} = {827E0CD3-B72D-47B6-A68D-7590B98EB39B}
		{EDA01920-A02D-4E5C-8373-F78299FE7D3D} = {BBC79BFB-1F1C-DDFD-31C8-3155F0D6959E}
		{6D5B73FA-875E-397F-6AC5-FE9E11A5FBDE} = {827E0CD3-B72D-47B6-A68D-7590B98EB39B}
		{0B4AC8CF-019E-45D0-8960-67CD7AB44F1E} = {6D5B73FA-875E-397F-6AC5-FE9E11A5FBDE}
		{5FC1494C-0D8C-79D1-FFF2-37E95F57AB9F} = {827E0CD3-B72D-47B6-A68D-7590B98EB39B}
		{72BEE604-59A3-4403-A061-DC0113174C7E} = {5FC1494C-0D8C-79D1-FFF2-37E95F57AB9F}
		{63882A7C-90E5-DEE3-63BB-E6ABDBC8A365} = {827E0CD3-B72D-47B6-A68D-7590B98EB39B}
		{C323C790-FB17-41E5-AA73-106FE37D3EEA} = {63882A7C-90E5-DEE3-63BB-E6ABDBC8A365}
		{7F558D72-33D0-88D6-3767-4CE9E5B31122} = {827E0CD3-B72D-47B6-A68D-7590B98EB39B}
		{C44F5B26-183F-4B55-87F4-F3C5D47C542C} = {7F558D72-33D0-88D6-3767-4CE9E5B31122}
		{DEAF28ED-D8EF-7282-79E7-C560327025A1} = {827E0CD3-B72D-47B6-A68D-7590B98EB39B}
		{C7A18F06-AA11-4911-B8FC-9B937CC6BCA4} = {DEAF28ED-D8EF-7282-79E7-C560327025A1}
		{9FFFB741-C411-2FB8-BC25-3B004C72DD4C} = {827E0CD3-B72D-47B6-A68D-7590B98EB39B}
		{6CBC81B0-763C-4A60-AF01-821E410435A1} = {9FFFB741-C411-2FB8-BC25-3B004C72DD4C}
		{BFF2DF6E-AA54-47C7-211F-79ACCBB4577C} = {827E0CD3-B72D-47B6-A68D-7590B98EB39B}
		{5B965D9F-169A-4925-9794-3E77ECD4FB17} = {BFF2DF6E-AA54-47C7-211F-79ACCBB4577C}
		{20DA1B11-33F5-D1F6-78B1-E626A1B5760B} = {827E0CD3-B72D-47B6-A68D-7590B98EB39B}
		{9D10457B-2F18-41AA-A36C-3252AFFB5D01} = {20DA1B11-33F5-D1F6-78B1-E626A1B5760B}
		{C6BDEE70-A1C8-46E9-8E56-2EAE5E263566} = {827E0CD3-B72D-47B6-A68D-7590B98EB39B}
		{CC5DC4E9-2DAA-44A2-953A-E035C5A0B811} = {C6BDEE70-A1C8-46E9-8E56-2EAE5E263566}
		{714165A8-307B-D8E6-B664-23D86730FDFC} = {827E0CD3-B72D-47B6-A68D-7590B98EB39B}
		{72C6D8DC-B48B-44E7-8F4D-F67603DFC53E} = {714165A8-307B-D8E6-B664-23D86730FDFC}
		{1993E76B-3153-4E39-A3D9-34F9A4DD7CEF} = {827E0CD3-B72D-47B6-A68D-7590B98EB39B}
	EndGlobalSection
EndGlobal
